
Microsoft Visual Studio Solution File, Format Version 12.00
# Visual Studio Version 17
VisualStudioVersion = 17.4.33122.133
MinimumVisualStudioVersion = 10.0.40219.1
Project("{8BC9CEB8-8B4A-11D0-8D11-00A0C91BC942}") = "02", "02.vcxproj", "{3F6365F3-80B3-44AA-8AB9-03E63E87544F}"
EndProject
Global
	GlobalSection(SolutionConfigurationPlatforms) = preSolution
		Debug|x64 = Debug|x64
		Debug|x86 = Debug|x86
		Release|x64 = Release|x64
		Release|x86 = Release|x86
	EndGlobalSection
	GlobalSection(ProjectConfigurationPlatforms) = postSolution
		{3F6365F3-80B3-44AA-8AB9-03E63E87544F}.Debug|x64.ActiveCfg = Debug|x64
		{3F6365F3-80B3-44AA-8AB9-03E63E87544F}.Debug|x64.Build.0 = Debug|x64
		{3F6365F3-80B3-44AA-8AB9-03E63E87544F}.Debug|x86.ActiveCfg = Debug|Win32
		{3F6365F3-80B3-44AA-8AB9-03E63E87544F}.Debug|x86.Build.0 = Debug|Win32
		{3F6365F3-80B3-44AA-8AB9-03E63E87544F}.Release|x64.ActiveCfg = Release|x64
		{3F6365F3-80B3-44AA-8AB9-03E63E87544F}.Release|x64.Build.0 = Release|x64
		{3F6365F3-80B3-44AA-8AB9-03E63E87544F}.Release|x86.ActiveCfg = Release|Win32
		{3F6365F3-80B3-44AA-8AB9-03E63E87544F}.Release|x86.Build.0 = Release|Win32
	EndGlobalSection
	GlobalSection(SolutionProperties) = preSolution
		HideSolutionNode = FALSE
	EndGlobalSection
	GlobalSection(ExtensibilityGlobals) = postSolution
		SolutionGuid = {7B7A5F28-5623-4C22-BD40-A69E90BF9D15}
	EndGlobalSection
EndGlobal
